
Microsoft Visual Studio Solution File, Format Version 12.00
# Visual Studio Version 17
VisualStudioVersion = 17.5.33516.290
MinimumVisualStudioVersion = 10.0.40219.1
Project("{FAE04EC0-301F-11D3-BF4B-00C04F79EFBC}") = "Webapp01", "Webapp01\Webapp01.csproj", "{955AC4E7-E3B1-4DE2-B65F-BC247377E3B9}"
EndProject
Global
	GlobalSection(SolutionConfigurationPlatforms) = preSolution
		Debug|Any CPU = Debug|Any CPU
		Release|Any CPU = Release|Any CPU
	EndGlobalSection
	GlobalSection(ProjectConfigurationPlatforms) = postSolution
		{955AC4E7-E3B1-4DE2-B65F-BC247377E3B9}.Debug|Any CPU.ActiveCfg = Debug|Any CPU
		{955AC4E7-E3B1-4DE2-B65F-BC247377E3B9}.Debug|Any CPU.Build.0 = Debug|Any CPU
		{955AC4E7-E3B1-4DE2-B65F-BC247377E3B9}.Release|Any CPU.ActiveCfg = Release|Any CPU
		{955AC4E7-E3B1-4DE2-B65F-BC247377E3B9}.Release|Any CPU.Build.0 = Release|Any CPU
	EndGlobalSection
	GlobalSection(SolutionProperties) = preSolution
		HideSolutionNode = FALSE
	EndGlobalSection
	GlobalSection(ExtensibilityGlobals) = postSolution
		SolutionGuid = {10CCC196-A86D-45A8-BAAF-AAB465FDF003}
	EndGlobalSection
EndGlobal
